
Microsoft Visual Studio Solution File, Format Version 12.00
# Visual Studio Version 16
VisualStudioVersion = 16.0.32413.511
MinimumVisualStudioVersion = 10.0.40219.1
Project("{9A19103F-16F7-4668-BE54-9A1E7A4F7556}") = "Producto.Core", "Producto.Core\Producto.Core.csproj", "{22FED618-FF77-4DA1-9424-51B734884997}"
EndProject
Project("{9A19103F-16F7-4668-BE54-9A1E7A4F7556}") = "Producto.Infrastructure", "Producto.Infrastructure\Producto.Infrastructure.csproj", "{58AEB8AC-45D9-4C2D-B39E-E02C5579C7EA}"
EndProject
Project("{9A19103F-16F7-4668-BE54-9A1E7A4F7556}") = "Producto.Api", "Producto.Api\Producto.Api.csproj", "{6DFEC152-0825-476C-9101-CE5BA31BF6D0}"
EndProject
Project("{2150E333-8FDC-42A3-9474-1A3956D46DE8}") = "Test", "Test", "{16B5E984-8481-41B6-9301-564183739DA6}"
EndProject
Project("{2150E333-8FDC-42A3-9474-1A3956D46DE8}") = "Services", "Services", "{B1268028-E24F-4E9B-B3BD-56D25FC6BA4A}"
EndProject
Project("{2150E333-8FDC-42A3-9474-1A3956D46DE8}") = "Controller", "Controller", "{37A7467D-7F0E-4D67-9D35-3AAA893B9668}"
EndProject
Project("{FAE04EC0-301F-11D3-BF4B-00C04F79EFBC}") = "ServicesTesting", "ServicesTesting\ServicesTesting.csproj", "{16E2B94A-5111-4E79-AD65-36340FE784AB}"
EndProject
Project("{FAE04EC0-301F-11D3-BF4B-00C04F79EFBC}") = "ControllerTesting", "ControllerTesting\ControllerTesting.csproj", "{2093794C-1833-44CD-A5C1-B15CAAFC3109}"
EndProject
Global
	GlobalSection(SolutionConfigurationPlatforms) = preSolution
		Debug|Any CPU = Debug|Any CPU
		Release|Any CPU = Release|Any CPU
	EndGlobalSection
	GlobalSection(ProjectConfigurationPlatforms) = postSolution
		{22FED618-FF77-4DA1-9424-51B734884997}.Debug|Any CPU.ActiveCfg = Debug|Any CPU
		{22FED618-FF77-4DA1-9424-51B734884997}.Debug|Any CPU.Build.0 = Debug|Any CPU
		{22FED618-FF77-4DA1-9424-51B734884997}.Release|Any CPU.ActiveCfg = Release|Any CPU
		{22FED618-FF77-4DA1-9424-51B734884997}.Release|Any CPU.Build.0 = Release|Any CPU
		{58AEB8AC-45D9-4C2D-B39E-E02C5579C7EA}.Debug|Any CPU.ActiveCfg = Debug|Any CPU
		{58AEB8AC-45D9-4C2D-B39E-E02C5579C7EA}.Debug|Any CPU.Build.0 = Debug|Any CPU
		{58AEB8AC-45D9-4C2D-B39E-E02C5579C7EA}.Release|Any CPU.ActiveCfg = Release|Any CPU
		{58AEB8AC-45D9-4C2D-B39E-E02C5579C7EA}.Release|Any CPU.Build.0 = Release|Any CPU
		{6DFEC152-0825-476C-9101-CE5BA31BF6D0}.Debug|Any CPU.ActiveCfg = Debug|Any CPU
		{6DFEC152-0825-476C-9101-CE5BA31BF6D0}.Debug|Any CPU.Build.0 = Debug|Any CPU
		{6DFEC152-0825-476C-9101-CE5BA31BF6D0}.Release|Any CPU.ActiveCfg = Release|Any CPU
		{6DFEC152-0825-476C-9101-CE5BA31BF6D0}.Release|Any CPU.Build.0 = Release|Any CPU
		{16E2B94A-5111-4E79-AD65-36340FE784AB}.Debug|Any CPU.ActiveCfg = Debug|Any CPU
		{16E2B94A-5111-4E79-AD65-36340FE784AB}.Debug|Any CPU.Build.0 = Debug|Any CPU
		{16E2B94A-5111-4E79-AD65-36340FE784AB}.Release|Any CPU.ActiveCfg = Release|Any CPU
		{16E2B94A-5111-4E79-AD65-36340FE784AB}.Release|Any CPU.Build.0 = Release|Any CPU
		{2093794C-1833-44CD-A5C1-B15CAAFC3109}.Debug|Any CPU.ActiveCfg = Debug|Any CPU
		{2093794C-1833-44CD-A5C1-B15CAAFC3109}.Debug|Any CPU.Build.0 = Debug|Any CPU
		{2093794C-1833-44CD-A5C1-B15CAAFC3109}.Release|Any CPU.ActiveCfg = Release|Any CPU
		{2093794C-1833-44CD-A5C1-B15CAAFC3109}.Release|Any CPU.Build.0 = Release|Any CPU
	EndGlobalSection
	GlobalSection(SolutionProperties) = preSolution
		HideSolutionNode = FALSE
	EndGlobalSection
	GlobalSection(NestedProjects) = preSolution
		{B1268028-E24F-4E9B-B3BD-56D25FC6BA4A} = {16B5E984-8481-41B6-9301-564183739DA6}
		{37A7467D-7F0E-4D67-9D35-3AAA893B9668} = {16B5E984-8481-41B6-9301-564183739DA6}
		{16E2B94A-5111-4E79-AD65-36340FE784AB} = {B1268028-E24F-4E9B-B3BD-56D25FC6BA4A}
		{2093794C-1833-44CD-A5C1-B15CAAFC3109} = {37A7467D-7F0E-4D67-9D35-3AAA893B9668}
	EndGlobalSection
	GlobalSection(ExtensibilityGlobals) = postSolution
		SolutionGuid = {60CB0A51-BDFE-4AEA-AADE-699863F97402}
	EndGlobalSection
EndGlobal
